// !$*UTF8*$!
{
	archiveVersion = 1;
	classes = {
	};
	objectVersion = 46;
	objects = {

/* Begin PBXBuildFile section */
		043BAE091840D1470028E6FF /* FollowersViewController.m in Sources */ = {isa = PBXBuildFile; fileRef = 043BAE081840D1470028E6FF /* FollowersViewController.m */; };
		043BAE0C1840D18A0028E6FF /* CustomCommentCell.m in Sources */ = {isa = PBXBuildFile; fileRef = 043BAE0B1840D18A0028E6FF /* CustomCommentCell.m */; };
		043BAE0F1840D73C0028E6FF /* FollowingViewController.m in Sources */ = {isa = PBXBuildFile; fileRef = 043BAE0E1840D73C0028E6FF /* FollowingViewController.m */; };
		046676EE184E545300755F14 /* JSONModel.m in Sources */ = {isa = PBXBuildFile; fileRef = 046676D7184E545300755F14 /* JSONModel.m */; };
		046676EF184E545300755F14 /* JSONModelArray.m in Sources */ = {isa = PBXBuildFile; fileRef = 046676D9184E545300755F14 /* JSONModelArray.m */; };
		046676F0184E545300755F14 /* JSONModelClassProperty.m in Sources */ = {isa = PBXBuildFile; fileRef = 046676DB184E545300755F14 /* JSONModelClassProperty.m */; };
		046676F1184E545300755F14 /* JSONModelError.m in Sources */ = {isa = PBXBuildFile; fileRef = 046676DD184E545300755F14 /* JSONModelError.m */; };
		046676F2184E545300755F14 /* NSArray+JSONModel.m in Sources */ = {isa = PBXBuildFile; fileRef = 046676E0184E545300755F14 /* NSArray+JSONModel.m */; };
		046676F3184E545300755F14 /* JSONAPI.m in Sources */ = {isa = PBXBuildFile; fileRef = 046676E4184E545300755F14 /* JSONAPI.m */; };
		046676F4184E545300755F14 /* JSONHTTPClient.m in Sources */ = {isa = PBXBuildFile; fileRef = 046676E6184E545300755F14 /* JSONHTTPClient.m */; };
		046676F5184E545300755F14 /* JSONModel+networking.m in Sources */ = {isa = PBXBuildFile; fileRef = 046676E8184E545300755F14 /* JSONModel+networking.m */; };
		046676F6184E545300755F14 /* JSONKeyMapper.m in Sources */ = {isa = PBXBuildFile; fileRef = 046676EB184E545300755F14 /* JSONKeyMapper.m */; };
		046676F7184E545300755F14 /* JSONValueTransformer.m in Sources */ = {isa = PBXBuildFile; fileRef = 046676ED184E545300755F14 /* JSONValueTransformer.m */; };
		046676FA184E5C9D00755F14 /* Response.m in Sources */ = {isa = PBXBuildFile; fileRef = 046676F9184E5C9D00755F14 /* Response.m */; };
		046676FD184E5F2700755F14 /* FeedModel.m in Sources */ = {isa = PBXBuildFile; fileRef = 046676FC184E5F2700755F14 /* FeedModel.m */; };
		04667708184E6B8D00755F14 /* Connector.m in Sources */ = {isa = PBXBuildFile; fileRef = 04667707184E6B8D00755F14 /* Connector.m */; };
		0483E2FB18532E2F006856C1 /* MessageResponseModel.m in Sources */ = {isa = PBXBuildFile; fileRef = 0483E2FA18532E2F006856C1 /* MessageResponseModel.m */; };
		04A11C3218457602004091B7 /* SideMenuViewController.m in Sources */ = {isa = PBXBuildFile; fileRef = 04A11C3118457602004091B7 /* SideMenuViewController.m */; };
		04A48A73183F468000680D25 /* HomeFeedViewController.m in Sources */ = {isa = PBXBuildFile; fileRef = 04A48A72183F468000680D25 /* HomeFeedViewController.m */; };
		04A48A76183F469400680D25 /* ExploreFeedViewController.m in Sources */ = {isa = PBXBuildFile; fileRef = 04A48A75183F469400680D25 /* ExploreFeedViewController.m */; };
		04A48A7C183F46B500680D25 /* LikesFeedViewController.m in Sources */ = {isa = PBXBuildFile; fileRef = 04A48A7B183F46B500680D25 /* LikesFeedViewController.m */; };
		04A48A82183F539400680D25 /* CustomCell.m in Sources */ = {isa = PBXBuildFile; fileRef = 04A48A81183F539400680D25 /* CustomCell.m */; };
		04A59205183E7B7800A96F71 /* LoginViewController.m in Sources */ = {isa = PBXBuildFile; fileRef = 04A59204183E7B7800A96F71 /* LoginViewController.m */; };
		04A59208183E7D6100A96F71 /* TabBarViewController.m in Sources */ = {isa = PBXBuildFile; fileRef = 04A59207183E7D6100A96F71 /* TabBarViewController.m */; };
		04A636A21844EBB600480D5A /* TWTSideMenuViewController.m in Sources */ = {isa = PBXBuildFile; fileRef = 04A636A11844EBB600480D5A /* TWTSideMenuViewController.m */; };
		04A636AB1844EF0B00480D5A /* SideMenuView.m in Sources */ = {isa = PBXBuildFile; fileRef = 04A636AA1844EF0B00480D5A /* SideMenuView.m */; };
		04A731821851E6BC009DB430 /* CommentModel.m in Sources */ = {isa = PBXBuildFile; fileRef = 04A731811851E6BC009DB430 /* CommentModel.m */; };
		04A731851851E773009DB430 /* MediaModel.m in Sources */ = {isa = PBXBuildFile; fileRef = 04A731841851E773009DB430 /* MediaModel.m */; };
		04A731881851E8B3009DB430 /* StoryDetailsModel.m in Sources */ = {isa = PBXBuildFile; fileRef = 04A731871851E8B3009DB430 /* StoryDetailsModel.m */; };
		04A7318B1851F93A009DB430 /* StoryModel.m in Sources */ = {isa = PBXBuildFile; fileRef = 04A7318A1851F93A009DB430 /* StoryModel.m */; };
		04A764FE1855C0C900DA718D /* FriendModel.m in Sources */ = {isa = PBXBuildFile; fileRef = 04A764FD1855C0C900DA718D /* FriendModel.m */; };
		04A765011855C25500DA718D /* FollowModel.m in Sources */ = {isa = PBXBuildFile; fileRef = 04A765001855C25500DA718D /* FollowModel.m */; };
		04A765041855C3DC00DA718D /* CustomFollowCell.m in Sources */ = {isa = PBXBuildFile; fileRef = 04A765031855C3DC00DA718D /* CustomFollowCell.m */; };
		04A76ED51840984F00145914 /* ProfileViewController.m in Sources */ = {isa = PBXBuildFile; fileRef = 04A76ED41840984F00145914 /* ProfileViewController.m */; };
		04A76ED8184098A900145914 /* GlideViewController.m in Sources */ = {isa = PBXBuildFile; fileRef = 04A76ED7184098A900145914 /* GlideViewController.m */; };
		04A8C0C91847849E0052CA07 /* iCarousel.m in Sources */ = {isa = PBXBuildFile; fileRef = 04A8C0C81847849E0052CA07 /* iCarousel.m */; };
		04A8C0E6184785A80052CA07 /* FXImageView.m in Sources */ = {isa = PBXBuildFile; fileRef = 04A8C0E3184785A80052CA07 /* FXImageView.m */; };
		04A8C0E7184785A80052CA07 /* UIImage+FX.m in Sources */ = {isa = PBXBuildFile; fileRef = 04A8C0E5184785A80052CA07 /* UIImage+FX.m */; };
		04A8C0F218479CC00052CA07 /* background.png in Resources */ = {isa = PBXBuildFile; fileRef = 04A8C0F018479CC00052CA07 /* background.png */; };
		04B2284A184DD28F0070E42E /* StoryFeedModel.m in Sources */ = {isa = PBXBuildFile; fileRef = 04B22849184DD28F0070E42E /* StoryFeedModel.m */; };
		04C222991850A7C500D6817C /* AsyncImageView.m in Sources */ = {isa = PBXBuildFile; fileRef = 04C222981850A7C500D6817C /* AsyncImageView.m */; };
		04C2229B1850C94F00D6817C /* Placeholder.png in Resources */ = {isa = PBXBuildFile; fileRef = 04C2229A1850C94F00D6817C /* Placeholder.png */; };
		04C222A11850D43F00D6817C /* SVProgressHUD.bundle in Resources */ = {isa = PBXBuildFile; fileRef = 04C2229E1850D43F00D6817C /* SVProgressHUD.bundle */; };
		04C222A21850D43F00D6817C /* SVProgressHUD.m in Sources */ = {isa = PBXBuildFile; fileRef = 04C222A01850D43F00D6817C /* SVProgressHUD.m */; };
		04C263021842171800950CF1 /* EditProfileViewController.m in Sources */ = {isa = PBXBuildFile; fileRef = 04C263011842171800950CF1 /* EditProfileViewController.m */; };
		04FCA09B18461C09003CE6E7 /* StoryDetailsViewController.m in Sources */ = {isa = PBXBuildFile; fileRef = 04FCA09A18461C09003CE6E7 /* StoryDetailsViewController.m */; };
		04FE6A7A183D5502008789C8 /* RegisterViewController.m in Sources */ = {isa = PBXBuildFile; fileRef = 04FE6A79183D5502008789C8 /* RegisterViewController.m */; };
		62797D0C1839310400A2A57C /* NavigationController.m in Sources */ = {isa = PBXBuildFile; fileRef = 62797D0B1839310300A2A57C /* NavigationController.m */; };
		629A82F418390C7E0075F918 /* Foundation.framework in Frameworks */ = {isa = PBXBuildFile; fileRef = 629A82F318390C7E0075F918 /* Foundation.framework */; };
		629A82F618390C7E0075F918 /* CoreGraphics.framework in Frameworks */ = {isa = PBXBuildFile; fileRef = 629A82F518390C7E0075F918 /* CoreGraphics.framework */; };
		629A82F818390C7E0075F918 /* UIKit.framework in Frameworks */ = {isa = PBXBuildFile; fileRef = 629A82F718390C7E0075F918 /* UIKit.framework */; };
		629A82FE18390C7E0075F918 /* InfoPlist.strings in Resources */ = {isa = PBXBuildFile; fileRef = 629A82FC18390C7E0075F918 /* InfoPlist.strings */; };
		629A830018390C7E0075F918 /* main.m in Sources */ = {isa = PBXBuildFile; fileRef = 629A82FF18390C7E0075F918 /* main.m */; };
		629A830418390C7E0075F918 /* AppDelegate.m in Sources */ = {isa = PBXBuildFile; fileRef = 629A830318390C7E0075F918 /* AppDelegate.m */; };
		629A830718390C7E0075F918 /* Main.storyboard in Resources */ = {isa = PBXBuildFile; fileRef = 629A830518390C7E0075F918 /* Main.storyboard */; };
		629A830C18390C7E0075F918 /* Images.xcassets in Resources */ = {isa = PBXBuildFile; fileRef = 629A830B18390C7E0075F918 /* Images.xcassets */; };
		629A831318390C7F0075F918 /* XCTest.framework in Frameworks */ = {isa = PBXBuildFile; fileRef = 629A831218390C7F0075F918 /* XCTest.framework */; };
		629A831418390C7F0075F918 /* Foundation.framework in Frameworks */ = {isa = PBXBuildFile; fileRef = 629A82F318390C7E0075F918 /* Foundation.framework */; };
		629A831518390C7F0075F918 /* UIKit.framework in Frameworks */ = {isa = PBXBuildFile; fileRef = 629A82F718390C7E0075F918 /* UIKit.framework */; };
		629A831D18390C7F0075F918 /* InfoPlist.strings in Resources */ = {isa = PBXBuildFile; fileRef = 629A831B18390C7F0075F918 /* InfoPlist.strings */; };
		629A831F18390C7F0075F918 /* PaperVTests.m in Sources */ = {isa = PBXBuildFile; fileRef = 629A831E18390C7F0075F918 /* PaperVTests.m */; };
/* End PBXBuildFile section */

/* Begin PBXContainerItemProxy section */
		629A831618390C7F0075F918 /* PBXContainerItemProxy */ = {
			isa = PBXContainerItemProxy;
			containerPortal = 629A82E818390C7E0075F918 /* Project object */;
			proxyType = 1;
			remoteGlobalIDString = 629A82EF18390C7E0075F918;
			remoteInfo = PaperV;
		};
/* End PBXContainerItemProxy section */

/* Begin PBXFileReference section */
		043BAE071840D1470028E6FF /* FollowersViewController.h */ = {isa = PBXFileReference; fileEncoding = 4; lastKnownFileType = sourcecode.c.h; path = FollowersViewController.h; sourceTree = "<group>"; };
		043BAE081840D1470028E6FF /* FollowersViewController.m */ = {isa = PBXFileReference; fileEncoding = 4; lastKnownFileType = sourcecode.c.objc; path = FollowersViewController.m; sourceTree = "<group>"; };
		043BAE0A1840D18A0028E6FF /* CustomCommentCell.h */ = {isa = PBXFileReference; fileEncoding = 4; lastKnownFileType = sourcecode.c.h; path = CustomCommentCell.h; sourceTree = "<group>"; };
		043BAE0B1840D18A0028E6FF /* CustomCommentCell.m */ = {isa = PBXFileReference; fileEncoding = 4; lastKnownFileType = sourcecode.c.objc; path = CustomCommentCell.m; sourceTree = "<group>"; };
		043BAE0D1840D73C0028E6FF /* FollowingViewController.h */ = {isa = PBXFileReference; fileEncoding = 4; lastKnownFileType = sourcecode.c.h; path = FollowingViewController.h; sourceTree = "<group>"; };
		043BAE0E1840D73C0028E6FF /* FollowingViewController.m */ = {isa = PBXFileReference; fileEncoding = 4; lastKnownFileType = sourcecode.c.objc; path = FollowingViewController.m; sourceTree = "<group>"; };
		046676D6184E545300755F14 /* JSONModel.h */ = {isa = PBXFileReference; fileEncoding = 4; lastKnownFileType = sourcecode.c.h; path = JSONModel.h; sourceTree = "<group>"; };
		046676D7184E545300755F14 /* JSONModel.m */ = {isa = PBXFileReference; fileEncoding = 4; lastKnownFileType = sourcecode.c.objc; path = JSONModel.m; sourceTree = "<group>"; };
		046676D8184E545300755F14 /* JSONModelArray.h */ = {isa = PBXFileReference; fileEncoding = 4; lastKnownFileType = sourcecode.c.h; path = JSONModelArray.h; sourceTree = "<group>"; };
		046676D9184E545300755F14 /* JSONModelArray.m */ = {isa = PBXFileReference; fileEncoding = 4; lastKnownFileType = sourcecode.c.objc; path = JSONModelArray.m; sourceTree = "<group>"; };
		046676DA184E545300755F14 /* JSONModelClassProperty.h */ = {isa = PBXFileReference; fileEncoding = 4; lastKnownFileType = sourcecode.c.h; path = JSONModelClassProperty.h; sourceTree = "<group>"; };
		046676DB184E545300755F14 /* JSONModelClassProperty.m */ = {isa = PBXFileReference; fileEncoding = 4; lastKnownFileType = sourcecode.c.objc; path = JSONModelClassProperty.m; sourceTree = "<group>"; };
		046676DC184E545300755F14 /* JSONModelError.h */ = {isa = PBXFileReference; fileEncoding = 4; lastKnownFileType = sourcecode.c.h; path = JSONModelError.h; sourceTree = "<group>"; };
		046676DD184E545300755F14 /* JSONModelError.m */ = {isa = PBXFileReference; fileEncoding = 4; lastKnownFileType = sourcecode.c.objc; path = JSONModelError.m; sourceTree = "<group>"; };
		046676DF184E545300755F14 /* NSArray+JSONModel.h */ = {isa = PBXFileReference; fileEncoding = 4; lastKnownFileType = sourcecode.c.h; path = "NSArray+JSONModel.h"; sourceTree = "<group>"; };
		046676E0184E545300755F14 /* NSArray+JSONModel.m */ = {isa = PBXFileReference; fileEncoding = 4; lastKnownFileType = sourcecode.c.objc; path = "NSArray+JSONModel.m"; sourceTree = "<group>"; };
		046676E1184E545300755F14 /* JSONModelLib.h */ = {isa = PBXFileReference; fileEncoding = 4; lastKnownFileType = sourcecode.c.h; path = JSONModelLib.h; sourceTree = "<group>"; };
		046676E3184E545300755F14 /* JSONAPI.h */ = {isa = PBXFileReference; fileEncoding = 4; lastKnownFileType = sourcecode.c.h; path = JSONAPI.h; sourceTree = "<group>"; };
		046676E4184E545300755F14 /* JSONAPI.m */ = {isa = PBXFileReference; fileEncoding = 4; lastKnownFileType = sourcecode.c.objc; path = JSONAPI.m; sourceTree = "<group>"; };
		046676E5184E545300755F14 /* JSONHTTPClient.h */ = {isa = PBXFileReference; fileEncoding = 4; lastKnownFileType = sourcecode.c.h; path = JSONHTTPClient.h; sourceTree = "<group>"; };
		046676E6184E545300755F14 /* JSONHTTPClient.m */ = {isa = PBXFileReference; fileEncoding = 4; lastKnownFileType = sourcecode.c.objc; path = JSONHTTPClient.m; sourceTree = "<group>"; };
		046676E7184E545300755F14 /* JSONModel+networking.h */ = {isa = PBXFileReference; fileEncoding = 4; lastKnownFileType = sourcecode.c.h; path = "JSONModel+networking.h"; sourceTree = "<group>"; };
		046676E8184E545300755F14 /* JSONModel+networking.m */ = {isa = PBXFileReference; fileEncoding = 4; lastKnownFileType = sourcecode.c.objc; path = "JSONModel+networking.m"; sourceTree = "<group>"; };
		046676EA184E545300755F14 /* JSONKeyMapper.h */ = {isa = PBXFileReference; fileEncoding = 4; lastKnownFileType = sourcecode.c.h; path = JSONKeyMapper.h; sourceTree = "<group>"; };
		046676EB184E545300755F14 /* JSONKeyMapper.m */ = {isa = PBXFileReference; fileEncoding = 4; lastKnownFileType = sourcecode.c.objc; path = JSONKeyMapper.m; sourceTree = "<group>"; };
		046676EC184E545300755F14 /* JSONValueTransformer.h */ = {isa = PBXFileReference; fileEncoding = 4; lastKnownFileType = sourcecode.c.h; path = JSONValueTransformer.h; sourceTree = "<group>"; };
		046676ED184E545300755F14 /* JSONValueTransformer.m */ = {isa = PBXFileReference; fileEncoding = 4; lastKnownFileType = sourcecode.c.objc; path = JSONValueTransformer.m; sourceTree = "<group>"; };
		046676F8184E5C9D00755F14 /* Response.h */ = {isa = PBXFileReference; fileEncoding = 4; lastKnownFileType = sourcecode.c.h; path = Response.h; sourceTree = "<group>"; };
		046676F9184E5C9D00755F14 /* Response.m */ = {isa = PBXFileReference; fileEncoding = 4; lastKnownFileType = sourcecode.c.objc; path = Response.m; sourceTree = "<group>"; };
		046676FB184E5F2700755F14 /* FeedModel.h */ = {isa = PBXFileReference; fileEncoding = 4; lastKnownFileType = sourcecode.c.h; path = FeedModel.h; sourceTree = "<group>"; };
		046676FC184E5F2700755F14 /* FeedModel.m */ = {isa = PBXFileReference; fileEncoding = 4; lastKnownFileType = sourcecode.c.objc; path = FeedModel.m; sourceTree = "<group>"; };
		04667706184E6B8D00755F14 /* Connector.h */ = {isa = PBXFileReference; fileEncoding = 4; lastKnownFileType = sourcecode.c.h; path = Connector.h; sourceTree = "<group>"; };
		04667707184E6B8D00755F14 /* Connector.m */ = {isa = PBXFileReference; fileEncoding = 4; lastKnownFileType = sourcecode.c.objc; path = Connector.m; sourceTree = "<group>"; };
		0483E2F918532E2F006856C1 /* MessageResponseModel.h */ = {isa = PBXFileReference; fileEncoding = 4; lastKnownFileType = sourcecode.c.h; path = MessageResponseModel.h; sourceTree = "<group>"; };
		0483E2FA18532E2F006856C1 /* MessageResponseModel.m */ = {isa = PBXFileReference; fileEncoding = 4; lastKnownFileType = sourcecode.c.objc; path = MessageResponseModel.m; sourceTree = "<group>"; };
		04A11C3018457602004091B7 /* SideMenuViewController.h */ = {isa = PBXFileReference; fileEncoding = 4; lastKnownFileType = sourcecode.c.h; path = SideMenuViewController.h; sourceTree = "<group>"; };
		04A11C3118457602004091B7 /* SideMenuViewController.m */ = {isa = PBXFileReference; fileEncoding = 4; lastKnownFileType = sourcecode.c.objc; path = SideMenuViewController.m; sourceTree = "<group>"; };
		04A48A71183F468000680D25 /* HomeFeedViewController.h */ = {isa = PBXFileReference; fileEncoding = 4; lastKnownFileType = sourcecode.c.h; path = HomeFeedViewController.h; sourceTree = "<group>"; };
		04A48A72183F468000680D25 /* HomeFeedViewController.m */ = {isa = PBXFileReference; fileEncoding = 4; lastKnownFileType = sourcecode.c.objc; path = HomeFeedViewController.m; sourceTree = "<group>"; };
		04A48A74183F469400680D25 /* ExploreFeedViewController.h */ = {isa = PBXFileReference; fileEncoding = 4; lastKnownFileType = sourcecode.c.h; path = ExploreFeedViewController.h; sourceTree = "<group>"; };
		04A48A75183F469400680D25 /* ExploreFeedViewController.m */ = {isa = PBXFileReference; fileEncoding = 4; lastKnownFileType = sourcecode.c.objc; path = ExploreFeedViewController.m; sourceTree = "<group>"; };
		04A48A7A183F46B500680D25 /* LikesFeedViewController.h */ = {isa = PBXFileReference; fileEncoding = 4; lastKnownFileType = sourcecode.c.h; path = LikesFeedViewController.h; sourceTree = "<group>"; };
		04A48A7B183F46B500680D25 /* LikesFeedViewController.m */ = {isa = PBXFileReference; fileEncoding = 4; lastKnownFileType = sourcecode.c.objc; path = LikesFeedViewController.m; sourceTree = "<group>"; };
		04A48A80183F539400680D25 /* CustomCell.h */ = {isa = PBXFileReference; fileEncoding = 4; lastKnownFileType = sourcecode.c.h; path = CustomCell.h; sourceTree = "<group>"; };
		04A48A81183F539400680D25 /* CustomCell.m */ = {isa = PBXFileReference; fileEncoding = 4; lastKnownFileType = sourcecode.c.objc; path = CustomCell.m; sourceTree = "<group>"; };
		04A59204183E7B7800A96F71 /* LoginViewController.m */ = {isa = PBXFileReference; fileEncoding = 4; lastKnownFileType = sourcecode.c.objc; path = LoginViewController.m; sourceTree = "<group>"; };
		04A59206183E7D6100A96F71 /* TabBarViewController.h */ = {isa = PBXFileReference; fileEncoding = 4; lastKnownFileType = sourcecode.c.h; path = TabBarViewController.h; sourceTree = "<group>"; };
		04A59207183E7D6100A96F71 /* TabBarViewController.m */ = {isa = PBXFileReference; fileEncoding = 4; lastKnownFileType = sourcecode.c.objc; path = TabBarViewController.m; sourceTree = "<group>"; };
		04A636A01844EBB600480D5A /* TWTSideMenuViewController.h */ = {isa = PBXFileReference; fileEncoding = 4; lastKnownFileType = sourcecode.c.h; path = TWTSideMenuViewController.h; sourceTree = "<group>"; };
		04A636A11844EBB600480D5A /* TWTSideMenuViewController.m */ = {isa = PBXFileReference; fileEncoding = 4; lastKnownFileType = sourcecode.c.objc; path = TWTSideMenuViewController.m; sourceTree = "<group>"; };
		04A636A91844EF0B00480D5A /* SideMenuView.h */ = {isa = PBXFileReference; fileEncoding = 4; lastKnownFileType = sourcecode.c.h; path = SideMenuView.h; sourceTree = "<group>"; };
		04A636AA1844EF0B00480D5A /* SideMenuView.m */ = {isa = PBXFileReference; fileEncoding = 4; lastKnownFileType = sourcecode.c.objc; path = SideMenuView.m; sourceTree = "<group>"; };
		04A731801851E6BC009DB430 /* CommentModel.h */ = {isa = PBXFileReference; fileEncoding = 4; lastKnownFileType = sourcecode.c.h; path = CommentModel.h; sourceTree = "<group>"; };
		04A731811851E6BC009DB430 /* CommentModel.m */ = {isa = PBXFileReference; fileEncoding = 4; lastKnownFileType = sourcecode.c.objc; path = CommentModel.m; sourceTree = "<group>"; };
		04A731831851E773009DB430 /* MediaModel.h */ = {isa = PBXFileReference; fileEncoding = 4; lastKnownFileType = sourcecode.c.h; path = MediaModel.h; sourceTree = "<group>"; };
		04A731841851E773009DB430 /* MediaModel.m */ = {isa = PBXFileReference; fileEncoding = 4; lastKnownFileType = sourcecode.c.objc; path = MediaModel.m; sourceTree = "<group>"; };
		04A731861851E8B3009DB430 /* StoryDetailsModel.h */ = {isa = PBXFileReference; fileEncoding = 4; lastKnownFileType = sourcecode.c.h; path = StoryDetailsModel.h; sourceTree = "<group>"; };
		04A731871851E8B3009DB430 /* StoryDetailsModel.m */ = {isa = PBXFileReference; fileEncoding = 4; lastKnownFileType = sourcecode.c.objc; path = StoryDetailsModel.m; sourceTree = "<group>"; };
		04A731891851F93A009DB430 /* StoryModel.h */ = {isa = PBXFileReference; fileEncoding = 4; lastKnownFileType = sourcecode.c.h; path = StoryModel.h; sourceTree = "<group>"; };
		04A7318A1851F93A009DB430 /* StoryModel.m */ = {isa = PBXFileReference; fileEncoding = 4; lastKnownFileType = sourcecode.c.objc; path = StoryModel.m; sourceTree = "<group>"; };
		04A764FC1855C0C900DA718D /* FriendModel.h */ = {isa = PBXFileReference; fileEncoding = 4; lastKnownFileType = sourcecode.c.h; path = FriendModel.h; sourceTree = "<group>"; };
		04A764FD1855C0C900DA718D /* FriendModel.m */ = {isa = PBXFileReference; fileEncoding = 4; lastKnownFileType = sourcecode.c.objc; path = FriendModel.m; sourceTree = "<group>"; };
		04A764FF1855C25500DA718D /* FollowModel.h */ = {isa = PBXFileReference; fileEncoding = 4; lastKnownFileType = sourcecode.c.h; path = FollowModel.h; sourceTree = "<group>"; };
		04A765001855C25500DA718D /* FollowModel.m */ = {isa = PBXFileReference; fileEncoding = 4; lastKnownFileType = sourcecode.c.objc; path = FollowModel.m; sourceTree = "<group>"; };
		04A765021855C3DC00DA718D /* CustomFollowCell.h */ = {isa = PBXFileReference; fileEncoding = 4; lastKnownFileType = sourcecode.c.h; path = CustomFollowCell.h; sourceTree = "<group>"; };
		04A765031855C3DC00DA718D /* CustomFollowCell.m */ = {isa = PBXFileReference; fileEncoding = 4; lastKnownFileType = sourcecode.c.objc; path = CustomFollowCell.m; sourceTree = "<group>"; };
		04A76ED31840984F00145914 /* ProfileViewController.h */ = {isa = PBXFileReference; fileEncoding = 4; lastKnownFileType = sourcecode.c.h; path = ProfileViewController.h; sourceTree = "<group>"; };
		04A76ED41840984F00145914 /* ProfileViewController.m */ = {isa = PBXFileReference; fileEncoding = 4; lastKnownFileType = sourcecode.c.objc; path = ProfileViewController.m; sourceTree = "<group>"; };
		04A76ED6184098A900145914 /* GlideViewController.h */ = {isa = PBXFileReference; fileEncoding = 4; lastKnownFileType = sourcecode.c.h; path = GlideViewController.h; sourceTree = "<group>"; };
		04A76ED7184098A900145914 /* GlideViewController.m */ = {isa = PBXFileReference; fileEncoding = 4; lastKnownFileType = sourcecode.c.objc; path = GlideViewController.m; sourceTree = "<group>"; };
		04A8C0C71847849E0052CA07 /* iCarousel.h */ = {isa = PBXFileReference; fileEncoding = 4; lastKnownFileType = sourcecode.c.h; path = iCarousel.h; sourceTree = "<group>"; };
		04A8C0C81847849E0052CA07 /* iCarousel.m */ = {isa = PBXFileReference; fileEncoding = 4; lastKnownFileType = sourcecode.c.objc; path = iCarousel.m; sourceTree = "<group>"; };
		04A8C0E2184785A80052CA07 /* FXImageView.h */ = {isa = PBXFileReference; fileEncoding = 4; lastKnownFileType = sourcecode.c.h; path = FXImageView.h; sourceTree = "<group>"; };
		04A8C0E3184785A80052CA07 /* FXImageView.m */ = {isa = PBXFileReference; fileEncoding = 4; lastKnownFileType = sourcecode.c.objc; path = FXImageView.m; sourceTree = "<group>"; };
		04A8C0E4184785A80052CA07 /* UIImage+FX.h */ = {isa = PBXFileReference; fileEncoding = 4; lastKnownFileType = sourcecode.c.h; path = "UIImage+FX.h"; sourceTree = "<group>"; };
		04A8C0E5184785A80052CA07 /* UIImage+FX.m */ = {isa = PBXFileReference; fileEncoding = 4; lastKnownFileType = sourcecode.c.objc; path = "UIImage+FX.m"; sourceTree = "<group>"; };
		04A8C0F018479CC00052CA07 /* background.png */ = {isa = PBXFileReference; lastKnownFileType = image.png; path = background.png; sourceTree = "<group>"; };
		04B22848184DD28F0070E42E /* StoryFeedModel.h */ = {isa = PBXFileReference; fileEncoding = 4; lastKnownFileType = sourcecode.c.h; path = StoryFeedModel.h; sourceTree = "<group>"; };
		04B22849184DD28F0070E42E /* StoryFeedModel.m */ = {isa = PBXFileReference; fileEncoding = 4; lastKnownFileType = sourcecode.c.objc; path = StoryFeedModel.m; sourceTree = "<group>"; };
		04C222971850A7C500D6817C /* AsyncImageView.h */ = {isa = PBXFileReference; fileEncoding = 4; lastKnownFileType = sourcecode.c.h; path = AsyncImageView.h; sourceTree = "<group>"; };
		04C222981850A7C500D6817C /* AsyncImageView.m */ = {isa = PBXFileReference; fileEncoding = 4; lastKnownFileType = sourcecode.c.objc; path = AsyncImageView.m; sourceTree = "<group>"; };
		04C2229A1850C94F00D6817C /* Placeholder.png */ = {isa = PBXFileReference; lastKnownFileType = image.png; name = Placeholder.png; path = "../../../../../Downloads/AsyncImageView-master/Examples/Basic Example/Placeholder.png"; sourceTree = "<group>"; };
		04C2229D1850D43F00D6817C /* SVProgressHUD-Prefix.pch */ = {isa = PBXFileReference; fileEncoding = 4; lastKnownFileType = sourcecode.c.h; path = "SVProgressHUD-Prefix.pch"; sourceTree = "<group>"; };
		04C2229E1850D43F00D6817C /* SVProgressHUD.bundle */ = {isa = PBXFileReference; lastKnownFileType = "wrapper.plug-in"; path = SVProgressHUD.bundle; sourceTree = "<group>"; };
		04C2229F1850D43F00D6817C /* SVProgressHUD.h */ = {isa = PBXFileReference; fileEncoding = 4; lastKnownFileType = sourcecode.c.h; path = SVProgressHUD.h; sourceTree = "<group>"; };
		04C222A01850D43F00D6817C /* SVProgressHUD.m */ = {isa = PBXFileReference; fileEncoding = 4; lastKnownFileType = sourcecode.c.objc; path = SVProgressHUD.m; sourceTree = "<group>"; };
		04C263001842171800950CF1 /* EditProfileViewController.h */ = {isa = PBXFileReference; fileEncoding = 4; lastKnownFileType = sourcecode.c.h; path = EditProfileViewController.h; sourceTree = "<group>"; };
		04C263011842171800950CF1 /* EditProfileViewController.m */ = {isa = PBXFileReference; fileEncoding = 4; lastKnownFileType = sourcecode.c.objc; path = EditProfileViewController.m; sourceTree = "<group>"; };
		04FCA09918461C09003CE6E7 /* StoryDetailsViewController.h */ = {isa = PBXFileReference; fileEncoding = 4; lastKnownFileType = sourcecode.c.h; path = StoryDetailsViewController.h; sourceTree = "<group>"; };
		04FCA09A18461C09003CE6E7 /* StoryDetailsViewController.m */ = {isa = PBXFileReference; fileEncoding = 4; lastKnownFileType = sourcecode.c.objc; path = StoryDetailsViewController.m; sourceTree = "<group>"; };
		04FE6A78183D5502008789C8 /* RegisterViewController.h */ = {isa = PBXFileReference; fileEncoding = 4; lastKnownFileType = sourcecode.c.h; path = RegisterViewController.h; sourceTree = "<group>"; };
		04FE6A79183D5502008789C8 /* RegisterViewController.m */ = {isa = PBXFileReference; fileEncoding = 4; lastKnownFileType = sourcecode.c.objc; path = RegisterViewController.m; sourceTree = "<group>"; };
		62797D0A1839310300A2A57C /* NavigationController.h */ = {isa = PBXFileReference; fileEncoding = 4; lastKnownFileType = sourcecode.c.h; path = NavigationController.h; sourceTree = "<group>"; };
		62797D0B1839310300A2A57C /* NavigationController.m */ = {isa = PBXFileReference; fileEncoding = 4; lastKnownFileType = sourcecode.c.objc; path = NavigationController.m; sourceTree = "<group>"; };
		629A82F018390C7E0075F918 /* PaperV.app */ = {isa = PBXFileReference; explicitFileType = wrapper.application; includeInIndex = 0; path = PaperV.app; sourceTree = BUILT_PRODUCTS_DIR; };
		629A82F318390C7E0075F918 /* Foundation.framework */ = {isa = PBXFileReference; lastKnownFileType = wrapper.framework; name = Foundation.framework; path = System/Library/Frameworks/Foundation.framework; sourceTree = SDKROOT; };
		629A82F518390C7E0075F918 /* CoreGraphics.framework */ = {isa = PBXFileReference; lastKnownFileType = wrapper.framework; name = CoreGraphics.framework; path = System/Library/Frameworks/CoreGraphics.framework; sourceTree = SDKROOT; };
		629A82F718390C7E0075F918 /* UIKit.framework */ = {isa = PBXFileReference; lastKnownFileType = wrapper.framework; name = UIKit.framework; path = System/Library/Frameworks/UIKit.framework; sourceTree = SDKROOT; };
		629A82FB18390C7E0075F918 /* PaperV-Info.plist */ = {isa = PBXFileReference; lastKnownFileType = text.plist.xml; path = "PaperV-Info.plist"; sourceTree = "<group>"; };
		629A82FD18390C7E0075F918 /* en */ = {isa = PBXFileReference; lastKnownFileType = text.plist.strings; name = en; path = en.lproj/InfoPlist.strings; sourceTree = "<group>"; };
		629A82FF18390C7E0075F918 /* main.m */ = {isa = PBXFileReference; lastKnownFileType = sourcecode.c.objc; path = main.m; sourceTree = "<group>"; };
		629A830118390C7E0075F918 /* PaperV-Prefix.pch */ = {isa = PBXFileReference; lastKnownFileType = sourcecode.c.h; path = "PaperV-Prefix.pch"; sourceTree = "<group>"; };
		629A830218390C7E0075F918 /* AppDelegate.h */ = {isa = PBXFileReference; lastKnownFileType = sourcecode.c.h; path = AppDelegate.h; sourceTree = "<group>"; };
		629A830318390C7E0075F918 /* AppDelegate.m */ = {isa = PBXFileReference; lastKnownFileType = sourcecode.c.objc; path = AppDelegate.m; sourceTree = "<group>"; };
		629A830618390C7E0075F918 /* Base */ = {isa = PBXFileReference; lastKnownFileType = file.storyboard; name = Base; path = Base.lproj/Main.storyboard; sourceTree = "<group>"; };
		629A830818390C7E0075F918 /* LoginViewController.h */ = {isa = PBXFileReference; lastKnownFileType = sourcecode.c.h; path = LoginViewController.h; sourceTree = "<group>"; };
		629A830B18390C7E0075F918 /* Images.xcassets */ = {isa = PBXFileReference; lastKnownFileType = folder.assetcatalog; path = Images.xcassets; sourceTree = "<group>"; };
		629A831118390C7E0075F918 /* PaperVTests.xctest */ = {isa = PBXFileReference; explicitFileType = wrapper.cfbundle; includeInIndex = 0; path = PaperVTests.xctest; sourceTree = BUILT_PRODUCTS_DIR; };
		629A831218390C7F0075F918 /* XCTest.framework */ = {isa = PBXFileReference; lastKnownFileType = wrapper.framework; name = XCTest.framework; path = Library/Frameworks/XCTest.framework; sourceTree = DEVELOPER_DIR; };
		629A831A18390C7F0075F918 /* PaperVTests-Info.plist */ = {isa = PBXFileReference; lastKnownFileType = text.plist.xml; path = "PaperVTests-Info.plist"; sourceTree = "<group>"; };
		629A831C18390C7F0075F918 /* en */ = {isa = PBXFileReference; lastKnownFileType = text.plist.strings; name = en; path = en.lproj/InfoPlist.strings; sourceTree = "<group>"; };
		629A831E18390C7F0075F918 /* PaperVTests.m */ = {isa = PBXFileReference; lastKnownFileType = sourcecode.c.objc; path = PaperVTests.m; sourceTree = "<group>"; };
/* End PBXFileReference section */

/* Begin PBXFrameworksBuildPhase section */
		629A82ED18390C7E0075F918 /* Frameworks */ = {
			isa = PBXFrameworksBuildPhase;
			buildActionMask = 2147483647;
			files = (
				629A82F618390C7E0075F918 /* CoreGraphics.framework in Frameworks */,
				629A82F818390C7E0075F918 /* UIKit.framework in Frameworks */,
				629A82F418390C7E0075F918 /* Foundation.framework in Frameworks */,
			);
			runOnlyForDeploymentPostprocessing = 0;
		};
		629A830E18390C7E0075F918 /* Frameworks */ = {
			isa = PBXFrameworksBuildPhase;
			buildActionMask = 2147483647;
			files = (
				629A831318390C7F0075F918 /* XCTest.framework in Frameworks */,
				629A831518390C7F0075F918 /* UIKit.framework in Frameworks */,
				629A831418390C7F0075F918 /* Foundation.framework in Frameworks */,
			);
			runOnlyForDeploymentPostprocessing = 0;
		};
/* End PBXFrameworksBuildPhase section */

/* Begin PBXGroup section */
		046676D5184E545300755F14 /* JSONModel */ = {
			isa = PBXGroup;
			children = (
				046676D6184E545300755F14 /* JSONModel.h */,
				046676D7184E545300755F14 /* JSONModel.m */,
				046676D8184E545300755F14 /* JSONModelArray.h */,
				046676D9184E545300755F14 /* JSONModelArray.m */,
				046676DA184E545300755F14 /* JSONModelClassProperty.h */,
				046676DB184E545300755F14 /* JSONModelClassProperty.m */,
				046676DC184E545300755F14 /* JSONModelError.h */,
				046676DD184E545300755F14 /* JSONModelError.m */,
			);
			path = JSONModel;
			sourceTree = "<group>";
		};
		046676DE184E545300755F14 /* JSONModelCategories */ = {
			isa = PBXGroup;
			children = (
				046676DF184E545300755F14 /* NSArray+JSONModel.h */,
				046676E0184E545300755F14 /* NSArray+JSONModel.m */,
			);
			path = JSONModelCategories;
			sourceTree = "<group>";
		};
		046676E2184E545300755F14 /* JSONModelNetworking */ = {
			isa = PBXGroup;
			children = (
				046676E3184E545300755F14 /* JSONAPI.h */,
				046676E4184E545300755F14 /* JSONAPI.m */,
				046676E5184E545300755F14 /* JSONHTTPClient.h */,
				046676E6184E545300755F14 /* JSONHTTPClient.m */,
				046676E7184E545300755F14 /* JSONModel+networking.h */,
				046676E8184E545300755F14 /* JSONModel+networking.m */,
			);
			path = JSONModelNetworking;
			sourceTree = "<group>";
		};
		046676E9184E545300755F14 /* JSONModelTransformations */ = {
			isa = PBXGroup;
			children = (
				046676EA184E545300755F14 /* JSONKeyMapper.h */,
				046676EB184E545300755F14 /* JSONKeyMapper.m */,
				046676EC184E545300755F14 /* JSONValueTransformer.h */,
				046676ED184E545300755F14 /* JSONValueTransformer.m */,
			);
			path = JSONModelTransformations;
			sourceTree = "<group>";
		};
		046676FE184E607100755F14 /* FeedModels */ = {
			isa = PBXGroup;
			children = (
				04B22848184DD28F0070E42E /* StoryFeedModel.h */,
				04B22849184DD28F0070E42E /* StoryFeedModel.m */,
				046676FB184E5F2700755F14 /* FeedModel.h */,
				046676FC184E5F2700755F14 /* FeedModel.m */,
			);
			name = FeedModels;
			sourceTree = "<group>";
		};
		046676FF184E631B00755F14 /* Cells */ = {
			isa = PBXGroup;
			children = (
				04A48A80183F539400680D25 /* CustomCell.h */,
				04A48A81183F539400680D25 /* CustomCell.m */,
				043BAE0A1840D18A0028E6FF /* CustomCommentCell.h */,
				043BAE0B1840D18A0028E6FF /* CustomCommentCell.m */,
				04A765021855C3DC00DA718D /* CustomFollowCell.h */,
				04A765031855C3DC00DA718D /* CustomFollowCell.m */,
			);
			name = Cells;
			sourceTree = "<group>";
		};
		04667700184E690E00755F14 /* StoryControllers */ = {
			isa = PBXGroup;
			children = (
				04A76ED6184098A900145914 /* GlideViewController.h */,
				04A76ED7184098A900145914 /* GlideViewController.m */,
				04FCA09918461C09003CE6E7 /* StoryDetailsViewController.h */,
				04FCA09A18461C09003CE6E7 /* StoryDetailsViewController.m */,
			);
			name = StoryControllers;
			sourceTree = "<group>";
		};
		04667701184E695C00755F14 /* ProfileControllers */ = {
			isa = PBXGroup;
			children = (
				043BAE071840D1470028E6FF /* FollowersViewController.h */,
				043BAE081840D1470028E6FF /* FollowersViewController.m */,
				043BAE0D1840D73C0028E6FF /* FollowingViewController.h */,
				043BAE0E1840D73C0028E6FF /* FollowingViewController.m */,
				04C263001842171800950CF1 /* EditProfileViewController.h */,
				04C263011842171800950CF1 /* EditProfileViewController.m */,
			);
			name = ProfileControllers;
			sourceTree = "<group>";
		};
		04667705184E6B5B00755F14 /* Connectors */ = {
			isa = PBXGroup;
			children = (
				04C222961850A7C500D6817C /* AsyncImageView */,
				04667706184E6B8D00755F14 /* Connector.h */,
				04667707184E6B8D00755F14 /* Connector.m */,
			);
			name = Connectors;
			sourceTree = "<group>";
		};
		04A48A6F183F461A00680D25 /* MainControllers */ = {
			isa = PBXGroup;
			children = (
				629A830818390C7E0075F918 /* LoginViewController.h */,
				04A59204183E7B7800A96F71 /* LoginViewController.m */,
				62797D0A1839310300A2A57C /* NavigationController.h */,
				62797D0B1839310300A2A57C /* NavigationController.m */,
				04FE6A78183D5502008789C8 /* RegisterViewController.h */,
				04FE6A79183D5502008789C8 /* RegisterViewController.m */,
				04A59206183E7D6100A96F71 /* TabBarViewController.h */,
				04A59207183E7D6100A96F71 /* TabBarViewController.m */,
			);
			name = MainControllers;
			sourceTree = "<group>";
		};
		04A48A70183F465400680D25 /* FeedControllers */ = {
			isa = PBXGroup;
			children = (
				04A48A71183F468000680D25 /* HomeFeedViewController.h */,
				04A48A72183F468000680D25 /* HomeFeedViewController.m */,
				04A48A74183F469400680D25 /* ExploreFeedViewController.h */,
				04A48A75183F469400680D25 /* ExploreFeedViewController.m */,
				04A48A7A183F46B500680D25 /* LikesFeedViewController.h */,
				04A48A7B183F46B500680D25 /* LikesFeedViewController.m */,
				04A76ED31840984F00145914 /* ProfileViewController.h */,
				04A76ED41840984F00145914 /* ProfileViewController.m */,
			);
			name = FeedControllers;
			sourceTree = "<group>";
		};
		04A6369F1844EBB600480D5A /* TWTSideMenuViewController */ = {
			isa = PBXGroup;
			children = (
				04A636A01844EBB600480D5A /* TWTSideMenuViewController.h */,
				04A636A11844EBB600480D5A /* TWTSideMenuViewController.m */,
			);
			name = TWTSideMenuViewController;
			path = PaperV/TWTSideMenuViewController;
			sourceTree = "<group>";
		};
		04A636A81844EE8400480D5A /* SideMenuControllers */ = {
			isa = PBXGroup;
			children = (
				04A11C3018457602004091B7 /* SideMenuViewController.h */,
				04A11C3118457602004091B7 /* SideMenuViewController.m */,
			);
			name = SideMenuControllers;
			sourceTree = "<group>";
		};
		04A7317F1851E67F009DB430 /* StoryModels */ = {
			isa = PBXGroup;
			children = (
				04A731891851F93A009DB430 /* StoryModel.h */,
				04A7318A1851F93A009DB430 /* StoryModel.m */,
				04A731861851E8B3009DB430 /* StoryDetailsModel.h */,
				04A731871851E8B3009DB430 /* StoryDetailsModel.m */,
				04A731801851E6BC009DB430 /* CommentModel.h */,
				04A731811851E6BC009DB430 /* CommentModel.m */,
				04A731831851E773009DB430 /* MediaModel.h */,
				04A731841851E773009DB430 /* MediaModel.m */,
			);
			name = StoryModels;
			sourceTree = "<group>";
		};
		04A764FB1855C03400DA718D /* ProfileModels */ = {
			isa = PBXGroup;
			children = (
				04A764FC1855C0C900DA718D /* FriendModel.h */,
				04A764FD1855C0C900DA718D /* FriendModel.m */,
				04A764FF1855C25500DA718D /* FollowModel.h */,
				04A765001855C25500DA718D /* FollowModel.m */,
			);
			name = ProfileModels;
			sourceTree = "<group>";
		};
		04A8C0C5184783F10052CA07 /* Carousel */ = {
			isa = PBXGroup;
			children = (
				04A8C0E1184785880052CA07 /* FXImageView */,
				04A8C0C61847849E0052CA07 /* iCarousel */,
			);
			name = Carousel;
			sourceTree = "<group>";
		};
		04A8C0C61847849E0052CA07 /* iCarousel */ = {
			isa = PBXGroup;
			children = (
				04A8C0C71847849E0052CA07 /* iCarousel.h */,
				04A8C0C81847849E0052CA07 /* iCarousel.m */,
			);
			path = iCarousel;
			sourceTree = "<group>";
		};
		04A8C0E1184785880052CA07 /* FXImageView */ = {
			isa = PBXGroup;
			children = (
				04A8C0E2184785A80052CA07 /* FXImageView.h */,
				04A8C0E3184785A80052CA07 /* FXImageView.m */,
				04A8C0E4184785A80052CA07 /* UIImage+FX.h */,
				04A8C0E5184785A80052CA07 /* UIImage+FX.m */,
			);
			name = FXImageView;
			sourceTree = "<group>";
		};
		04A8C0EF18479CA50052CA07 /* Resources */ = {
			isa = PBXGroup;
			children = (
				04C2229A1850C94F00D6817C /* Placeholder.png */,
				04A8C0F018479CC00052CA07 /* background.png */,
			);
			name = Resources;
			path = PaperV;
			sourceTree = "<group>";
		};
		04B2282B184DCD7F0070E42E /* JsonFramwork */ = {
			isa = PBXGroup;
			children = (
				046676D5184E545300755F14 /* JSONModel */,
				046676DE184E545300755F14 /* JSONModelCategories */,
				046676E1184E545300755F14 /* JSONModelLib.h */,
				046676E2184E545300755F14 /* JSONModelNetworking */,
				046676E9184E545300755F14 /* JSONModelTransformations */,
			);
			name = JsonFramwork;
			sourceTree = "<group>";
		};
		04B22846184DD25A0070E42E /* Models */ = {
			isa = PBXGroup;
			children = (
				046676F8184E5C9D00755F14 /* Response.h */,
				046676F9184E5C9D00755F14 /* Response.m */,
				046676FE184E607100755F14 /* FeedModels */,
				04A764FB1855C03400DA718D /* ProfileModels */,
				04A7317F1851E67F009DB430 /* StoryModels */,
				0483E2F918532E2F006856C1 /* MessageResponseModel.h */,
				0483E2FA18532E2F006856C1 /* MessageResponseModel.m */,
			);
			name = Models;
			sourceTree = "<group>";
		};
		04C222961850A7C500D6817C /* AsyncImageView */ = {
			isa = PBXGroup;
			children = (
				04C222971850A7C500D6817C /* AsyncImageView.h */,
				04C222981850A7C500D6817C /* AsyncImageView.m */,
			);
			name = AsyncImageView;
			path = "../../../../../Downloads/AsyncImageView-master/AsyncImageView";
			sourceTree = "<group>";
		};
		04C2229C1850D43F00D6817C /* SVProgressHUD */ = {
			isa = PBXGroup;
			children = (
				04C2229D1850D43F00D6817C /* SVProgressHUD-Prefix.pch */,
				04C2229E1850D43F00D6817C /* SVProgressHUD.bundle */,
				04C2229F1850D43F00D6817C /* SVProgressHUD.h */,
				04C222A01850D43F00D6817C /* SVProgressHUD.m */,
			);
			name = SVProgressHUD;
			path = "../../../../../Downloads/SVProgressHUD-master/SVProgressHUD";
			sourceTree = "<group>";
		};
		62797D0818392EA100A2A57C /* Controllers */ = {
			isa = PBXGroup;
			children = (
				04667701184E695C00755F14 /* ProfileControllers */,
				04667700184E690E00755F14 /* StoryControllers */,
				04A48A70183F465400680D25 /* FeedControllers */,
				04A48A6F183F461A00680D25 /* MainControllers */,
				04A636A81844EE8400480D5A /* SideMenuControllers */,
			);
			name = Controllers;
			sourceTree = "<group>";
		};
		62797D0918392EB200A2A57C /* Views */ = {
			isa = PBXGroup;
			children = (
				629A830518390C7E0075F918 /* Main.storyboard */,
				04A636A91844EF0B00480D5A /* SideMenuView.h */,
				04A636AA1844EF0B00480D5A /* SideMenuView.m */,
				046676FF184E631B00755F14 /* Cells */,
				04C2229C1850D43F00D6817C /* SVProgressHUD */,
				04A8C0C5184783F10052CA07 /* Carousel */,
			);
			name = Views;
			sourceTree = "<group>";
		};
		629A82E718390C7E0075F918 = {
			isa = PBXGroup;
			children = (
				629A82F918390C7E0075F918 /* PaperV */,
				04A8C0EF18479CA50052CA07 /* Resources */,
				04A6369F1844EBB600480D5A /* TWTSideMenuViewController */,
				629A831818390C7F0075F918 /* PaperVTests */,
				629A82F218390C7E0075F918 /* Frameworks */,
				629A82F118390C7E0075F918 /* Products */,
			);
			sourceTree = "<group>";
		};
		629A82F118390C7E0075F918 /* Products */ = {
			isa = PBXGroup;
			children = (
				629A82F018390C7E0075F918 /* PaperV.app */,
				629A831118390C7E0075F918 /* PaperVTests.xctest */,
			);
			name = Products;
			sourceTree = "<group>";
		};
		629A82F218390C7E0075F918 /* Frameworks */ = {
			isa = PBXGroup;
			children = (
				629A82F318390C7E0075F918 /* Foundation.framework */,
				629A82F518390C7E0075F918 /* CoreGraphics.framework */,
				629A82F718390C7E0075F918 /* UIKit.framework */,
				629A831218390C7F0075F918 /* XCTest.framework */,
			);
			name = Frameworks;
			sourceTree = "<group>";
		};
		629A82F918390C7E0075F918 /* PaperV */ = {
			isa = PBXGroup;
			children = (
				629A830218390C7E0075F918 /* AppDelegate.h */,
				629A830318390C7E0075F918 /* AppDelegate.m */,
				04667705184E6B5B00755F14 /* Connectors */,
				04B22846184DD25A0070E42E /* Models */,
				62797D0918392EB200A2A57C /* Views */,
				62797D0818392EA100A2A57C /* Controllers */,
				04B2282B184DCD7F0070E42E /* JsonFramwork */,
				629A830B18390C7E0075F918 /* Images.xcassets */,
				629A82FA18390C7E0075F918 /* Supporting Files */,
			);
			path = PaperV;
			sourceTree = "<group>";
		};
		629A82FA18390C7E0075F918 /* Supporting Files */ = {
			isa = PBXGroup;
			children = (
				629A82FB18390C7E0075F918 /* PaperV-Info.plist */,
				629A82FC18390C7E0075F918 /* InfoPlist.strings */,
				629A82FF18390C7E0075F918 /* main.m */,
				629A830118390C7E0075F918 /* PaperV-Prefix.pch */,
			);
			name = "Supporting Files";
			sourceTree = "<group>";
		};
		629A831818390C7F0075F918 /* PaperVTests */ = {
			isa = PBXGroup;
			children = (
				629A831E18390C7F0075F918 /* PaperVTests.m */,
				629A831918390C7F0075F918 /* Supporting Files */,
			);
			path = PaperVTests;
			sourceTree = "<group>";
		};
		629A831918390C7F0075F918 /* Supporting Files */ = {
			isa = PBXGroup;
			children = (
				629A831A18390C7F0075F918 /* PaperVTests-Info.plist */,
				629A831B18390C7F0075F918 /* InfoPlist.strings */,
			);
			name = "Supporting Files";
			sourceTree = "<group>";
		};
/* End PBXGroup section */

/* Begin PBXNativeTarget section */
		629A82EF18390C7E0075F918 /* PaperV */ = {
			isa = PBXNativeTarget;
			buildConfigurationList = 629A832218390C7F0075F918 /* Build configuration list for PBXNativeTarget "PaperV" */;
			buildPhases = (
				629A82EC18390C7E0075F918 /* Sources */,
				629A82ED18390C7E0075F918 /* Frameworks */,
				629A82EE18390C7E0075F918 /* Resources */,
			);
			buildRules = (
			);
			dependencies = (
			);
			name = PaperV;
			productName = PaperV;
			productReference = 629A82F018390C7E0075F918 /* PaperV.app */;
			productType = "com.apple.product-type.application";
		};
		629A831018390C7E0075F918 /* PaperVTests */ = {
			isa = PBXNativeTarget;
			buildConfigurationList = 629A832518390C7F0075F918 /* Build configuration list for PBXNativeTarget "PaperVTests" */;
			buildPhases = (
				629A830D18390C7E0075F918 /* Sources */,
				629A830E18390C7E0075F918 /* Frameworks */,
				629A830F18390C7E0075F918 /* Resources */,
			);
			buildRules = (
			);
			dependencies = (
				629A831718390C7F0075F918 /* PBXTargetDependency */,
			);
			name = PaperVTests;
			productName = PaperVTests;
			productReference = 629A831118390C7E0075F918 /* PaperVTests.xctest */;
			productType = "com.apple.product-type.bundle.unit-test";
		};
/* End PBXNativeTarget section */

/* Begin PBXProject section */
		629A82E818390C7E0075F918 /* Project object */ = {
			isa = PBXProject;
			attributes = {
				LastUpgradeCheck = 0500;
				ORGANIZATIONNAME = Triangles;
				TargetAttributes = {
					629A831018390C7E0075F918 = {
						TestTargetID = 629A82EF18390C7E0075F918;
					};
				};
			};
			buildConfigurationList = 629A82EB18390C7E0075F918 /* Build configuration list for PBXProject "PaperV" */;
			compatibilityVersion = "Xcode 3.2";
			developmentRegion = English;
			hasScannedForEncodings = 0;
			knownRegions = (
				en,
				Base,
			);
			mainGroup = 629A82E718390C7E0075F918;
			productRefGroup = 629A82F118390C7E0075F918 /* Products */;
			projectDirPath = "";
			projectRoot = "";
			targets = (
				629A82EF18390C7E0075F918 /* PaperV */,
				629A831018390C7E0075F918 /* PaperVTests */,
			);
		};
/* End PBXProject section */

/* Begin PBXResourcesBuildPhase section */
		629A82EE18390C7E0075F918 /* Resources */ = {
			isa = PBXResourcesBuildPhase;
			buildActionMask = 2147483647;
			files = (
				04C222A11850D43F00D6817C /* SVProgressHUD.bundle in Resources */,
				04A8C0F218479CC00052CA07 /* background.png in Resources */,
				04C2229B1850C94F00D6817C /* Placeholder.png in Resources */,
				629A830C18390C7E0075F918 /* Images.xcassets in Resources */,
				629A82FE18390C7E0075F918 /* InfoPlist.strings in Resources */,
				629A830718390C7E0075F918 /* Main.storyboard in Resources */,
			);
			runOnlyForDeploymentPostprocessing = 0;
		};
		629A830F18390C7E0075F918 /* Resources */ = {
			isa = PBXResourcesBuildPhase;
			buildActionMask = 2147483647;
			files = (
				629A831D18390C7F0075F918 /* InfoPlist.strings in Resources */,
			);
			runOnlyForDeploymentPostprocessing = 0;
		};
/* End PBXResourcesBuildPhase section */

/* Begin PBXSourcesBuildPhase section */
		629A82EC18390C7E0075F918 /* Sources */ = {
			isa = PBXSourcesBuildPhase;
			buildActionMask = 2147483647;
			files = (
				04A11C3218457602004091B7 /* SideMenuViewController.m in Sources */,
				046676F1184E545300755F14 /* JSONModelError.m in Sources */,
				046676FA184E5C9D00755F14 /* Response.m in Sources */,
				046676F3184E545300755F14 /* JSONAPI.m in Sources */,
				04A8C0E7184785A80052CA07 /* UIImage+FX.m in Sources */,
				04A7318B1851F93A009DB430 /* StoryModel.m in Sources */,
				046676F4184E545300755F14 /* JSONHTTPClient.m in Sources */,
				04A636A21844EBB600480D5A /* TWTSideMenuViewController.m in Sources */,
				04A636AB1844EF0B00480D5A /* SideMenuView.m in Sources */,
				043BAE0C1840D18A0028E6FF /* CustomCommentCell.m in Sources */,
				04B2284A184DD28F0070E42E /* StoryFeedModel.m in Sources */,
				043BAE0F1840D73C0028E6FF /* FollowingViewController.m in Sources */,
				04FCA09B18461C09003CE6E7 /* StoryDetailsViewController.m in Sources */,
				046676EE184E545300755F14 /* JSONModel.m in Sources */,
				04A731851851E773009DB430 /* MediaModel.m in Sources */,
				04A8C0E6184785A80052CA07 /* FXImageView.m in Sources */,
				04A765011855C25500DA718D /* FollowModel.m in Sources */,
				04A76ED8184098A900145914 /* GlideViewController.m in Sources */,
				046676FD184E5F2700755F14 /* FeedModel.m in Sources */,
				04A48A76183F469400680D25 /* ExploreFeedViewController.m in Sources */,
				04A48A7C183F46B500680D25 /* LikesFeedViewController.m in Sources */,
				04A48A82183F539400680D25 /* CustomCell.m in Sources */,
				046676F7184E545300755F14 /* JSONValueTransformer.m in Sources */,
				046676F2184E545300755F14 /* NSArray+JSONModel.m in Sources */,
				04A731821851E6BC009DB430 /* CommentModel.m in Sources */,
				04A731881851E8B3009DB430 /* StoryDetailsModel.m in Sources */,
				04A764FE1855C0C900DA718D /* FriendModel.m in Sources */,
				04A765041855C3DC00DA718D /* CustomFollowCell.m in Sources */,
				04FE6A7A183D5502008789C8 /* RegisterViewController.m in Sources */,
				62797D0C1839310400A2A57C /* NavigationController.m in Sources */,
				04A8C0C91847849E0052CA07 /* iCarousel.m in Sources */,
				04A48A73183F468000680D25 /* HomeFeedViewController.m in Sources */,
				04A59208183E7D6100A96F71 /* TabBarViewController.m in Sources */,
				629A830418390C7E0075F918 /* AppDelegate.m in Sources */,
				046676F0184E545300755F14 /* JSONModelClassProperty.m in Sources */,
				046676EF184E545300755F14 /* JSONModelArray.m in Sources */,
				04A59205183E7B7800A96F71 /* LoginViewController.m in Sources */,
				04667708184E6B8D00755F14 /* Connector.m in Sources */,
				04C222991850A7C500D6817C /* AsyncImageView.m in Sources */,
				0483E2FB18532E2F006856C1 /* MessageResponseModel.m in Sources */,
				046676F6184E545300755F14 /* JSONKeyMapper.m in Sources */,
				046676F5184E545300755F14 /* JSONModel+networking.m in Sources */,
				04C263021842171800950CF1 /* EditProfileViewController.m in Sources */,
				04C222A21850D43F00D6817C /* SVProgressHUD.m in Sources */,
				043BAE091840D1470028E6FF /* FollowersViewController.m in Sources */,
				04A76ED51840984F00145914 /* ProfileViewController.m in Sources */,
				629A830018390C7E0075F918 /* main.m in Sources */,
			);
			runOnlyForDeploymentPostprocessing = 0;
		};
		629A830D18390C7E0075F918 /* Sources */ = {
			isa = PBXSourcesBuildPhase;
			buildActionMask = 2147483647;
			files = (
				629A831F18390C7F0075F918 /* PaperVTests.m in Sources */,
			);
			runOnlyForDeploymentPostprocessing = 0;
		};
/* End PBXSourcesBuildPhase section */

/* Begin PBXTargetDependency section */
		629A831718390C7F0075F918 /* PBXTargetDependency */ = {
			isa = PBXTargetDependency;
			target = 629A82EF18390C7E0075F918 /* PaperV */;
			targetProxy = 629A831618390C7F0075F918 /* PBXContainerItemProxy */;
		};
/* End PBXTargetDependency section */

/* Begin PBXVariantGroup section */
		629A82FC18390C7E0075F918 /* InfoPlist.strings */ = {
			isa = PBXVariantGroup;
			children = (
				629A82FD18390C7E0075F918 /* en */,
			);
			name = InfoPlist.strings;
			sourceTree = "<group>";
		};
		629A830518390C7E0075F918 /* Main.storyboard */ = {
			isa = PBXVariantGroup;
			children = (
				629A830618390C7E0075F918 /* Base */,
			);
			name = Main.storyboard;
			sourceTree = "<group>";
		};
		629A831B18390C7F0075F918 /* InfoPlist.strings */ = {
			isa = PBXVariantGroup;
			children = (
				629A831C18390C7F0075F918 /* en */,
			);
			name = InfoPlist.strings;
			sourceTree = "<group>";
		};
/* End PBXVariantGroup section */

/* Begin XCBuildConfiguration section */
		629A832018390C7F0075F918 /* Debug */ = {
			isa = XCBuildConfiguration;
			buildSettings = {
				ALWAYS_SEARCH_USER_PATHS = NO;
				ARCHS = "$(ARCHS_STANDARD_INCLUDING_64_BIT)";
				CLANG_CXX_LANGUAGE_STANDARD = "gnu++0x";
				CLANG_CXX_LIBRARY = "libc++";
				CLANG_ENABLE_MODULES = YES;
				CLANG_ENABLE_OBJC_ARC = YES;
				CLANG_WARN_BOOL_CONVERSION = YES;
				CLANG_WARN_CONSTANT_CONVERSION = YES;
				CLANG_WARN_DIRECT_OBJC_ISA_USAGE = YES_ERROR;
				CLANG_WARN_EMPTY_BODY = YES;
				CLANG_WARN_ENUM_CONVERSION = YES;
				CLANG_WARN_INT_CONVERSION = YES;
				CLANG_WARN_OBJC_ROOT_CLASS = YES_ERROR;
				CLANG_WARN__DUPLICATE_METHOD_MATCH = YES;
				CODE_SIGN_IDENTITY = "iPhone Developer: Ali Alkhabbaz (239A8FG5K6)";
				"CODE_SIGN_IDENTITY[sdk=iphoneos*]" = "iPhone Developer: Ali Alkhabbaz (239A8FG5K6)";
				COPY_PHASE_STRIP = NO;
				GCC_C_LANGUAGE_STANDARD = gnu99;
				GCC_DYNAMIC_NO_PIC = NO;
				GCC_OPTIMIZATION_LEVEL = 0;
				GCC_PREPROCESSOR_DEFINITIONS = (
					"DEBUG=1",
					"$(inherited)",
				);
				GCC_SYMBOLS_PRIVATE_EXTERN = NO;
				GCC_WARN_64_TO_32_BIT_CONVERSION = YES;
				GCC_WARN_ABOUT_RETURN_TYPE = YES_ERROR;
				GCC_WARN_UNDECLARED_SELECTOR = YES;
				GCC_WARN_UNINITIALIZED_AUTOS = YES;
				GCC_WARN_UNUSED_FUNCTION = YES;
				GCC_WARN_UNUSED_VARIABLE = YES;
				IPHONEOS_DEPLOYMENT_TARGET = 7.0;
				ONLY_ACTIVE_ARCH = YES;
				SDKROOT = iphoneos;
			};
			name = Debug;
		};
		629A832118390C7F0075F918 /* Release */ = {
			isa = XCBuildConfiguration;
			buildSettings = {
				ALWAYS_SEARCH_USER_PATHS = NO;
				ARCHS = "$(ARCHS_STANDARD_INCLUDING_64_BIT)";
				CLANG_CXX_LANGUAGE_STANDARD = "gnu++0x";
				CLANG_CXX_LIBRARY = "libc++";
				CLANG_ENABLE_MODULES = YES;
				CLANG_ENABLE_OBJC_ARC = YES;
				CLANG_WARN_BOOL_CONVERSION = YES;
				CLANG_WARN_CONSTANT_CONVERSION = YES;
				CLANG_WARN_DIRECT_OBJC_ISA_USAGE = YES_ERROR;
				CLANG_WARN_EMPTY_BODY = YES;
				CLANG_WARN_ENUM_CONVERSION = YES;
				CLANG_WARN_INT_CONVERSION = YES;
				CLANG_WARN_OBJC_ROOT_CLASS = YES_ERROR;
				CLANG_WARN__DUPLICATE_METHOD_MATCH = YES;
				CODE_SIGN_IDENTITY = "iPhone Developer: Ali Alkhabbaz (239A8FG5K6)";
				"CODE_SIGN_IDENTITY[sdk=iphoneos*]" = "iPhone Developer: Ali Alkhabbaz (239A8FG5K6)";
				COPY_PHASE_STRIP = YES;
				ENABLE_NS_ASSERTIONS = NO;
				GCC_C_LANGUAGE_STANDARD = gnu99;
				GCC_WARN_64_TO_32_BIT_CONVERSION = YES;
				GCC_WARN_ABOUT_RETURN_TYPE = YES_ERROR;
				GCC_WARN_UNDECLARED_SELECTOR = YES;
				GCC_WARN_UNINITIALIZED_AUTOS = YES;
				GCC_WARN_UNUSED_FUNCTION = YES;
				GCC_WARN_UNUSED_VARIABLE = YES;
				IPHONEOS_DEPLOYMENT_TARGET = 7.0;
				SDKROOT = iphoneos;
				VALIDATE_PRODUCT = YES;
			};
			name = Release;
		};
		629A832318390C7F0075F918 /* Debug */ = {
			isa = XCBuildConfiguration;
			buildSettings = {
				ASSETCATALOG_COMPILER_APPICON_NAME = AppIcon;
				ASSETCATALOG_COMPILER_LAUNCHIMAGE_NAME = LaunchImage;
				CODE_SIGN_IDENTITY = "iPhone Developer: Ali Alkhabbaz (239A8FG5K6)";
				"CODE_SIGN_IDENTITY[sdk=iphoneos*]" = "iPhone Developer: Ali Alkhabbaz (239A8FG5K6)";
				GCC_PRECOMPILE_PREFIX_HEADER = YES;
				GCC_PREFIX_HEADER = "PaperV/PaperV-Prefix.pch";
				INFOPLIST_FILE = "PaperV/PaperV-Info.plist";
				PRODUCT_NAME = "$(TARGET_NAME)";
				WRAPPER_EXTENSION = app;
			};
			name = Debug;
		};
		629A832418390C7F0075F918 /* Release */ = {
			isa = XCBuildConfiguration;
			buildSettings = {
				ASSETCATALOG_COMPILER_APPICON_NAME = AppIcon;
				ASSETCATALOG_COMPILER_LAUNCHIMAGE_NAME = LaunchImage;
				CODE_SIGN_IDENTITY = "iPhone Developer: Ali Alkhabbaz (239A8FG5K6)";
				GCC_PRECOMPILE_PREFIX_HEADER = YES;
				GCC_PREFIX_HEADER = "PaperV/PaperV-Prefix.pch";
				INFOPLIST_FILE = "PaperV/PaperV-Info.plist";
				PRODUCT_NAME = "$(TARGET_NAME)";
				WRAPPER_EXTENSION = app;
			};
			name = Release;
		};
		629A832618390C7F0075F918 /* Debug */ = {
			isa = XCBuildConfiguration;
			buildSettings = {
				ARCHS = "$(ARCHS_STANDARD_INCLUDING_64_BIT)";
				BUNDLE_LOADER = "$(BUILT_PRODUCTS_DIR)/PaperV.app/PaperV";
				FRAMEWORK_SEARCH_PATHS = (
					"$(SDKROOT)/Developer/Library/Frameworks",
					"$(inherited)",
					"$(DEVELOPER_FRAMEWORKS_DIR)",
				);
				GCC_PRECOMPILE_PREFIX_HEADER = YES;
				GCC_PREFIX_HEADER = "PaperV/PaperV-Prefix.pch";
				GCC_PREPROCESSOR_DEFINITIONS = (
					"DEBUG=1",
					"$(inherited)",
				);
				INFOPLIST_FILE = "PaperVTests/PaperVTests-Info.plist";
				PRODUCT_NAME = "$(TARGET_NAME)";
				TEST_HOST = "$(BUNDLE_LOADER)";
				WRAPPER_EXTENSION = xctest;
			};
			name = Debug;
		};
		629A832718390C7F0075F918 /* Release */ = {
			isa = XCBuildConfiguration;
			buildSettings = {
				ARCHS = "$(ARCHS_STANDARD_INCLUDING_64_BIT)";
				BUNDLE_LOADER = "$(BUILT_PRODUCTS_DIR)/PaperV.app/PaperV";
				FRAMEWORK_SEARCH_PATHS = (
					"$(SDKROOT)/Developer/Library/Frameworks",
					"$(inherited)",
					"$(DEVELOPER_FRAMEWORKS_DIR)",
				);
				GCC_PRECOMPILE_PREFIX_HEADER = YES;
				GCC_PREFIX_HEADER = "PaperV/PaperV-Prefix.pch";
				INFOPLIST_FILE = "PaperVTests/PaperVTests-Info.plist";
				PRODUCT_NAME = "$(TARGET_NAME)";
				TEST_HOST = "$(BUNDLE_LOADER)";
				WRAPPER_EXTENSION = xctest;
			};
			name = Release;
		};
/* End XCBuildConfiguration section */

/* Begin XCConfigurationList section */
		629A82EB18390C7E0075F918 /* Build configuration list for PBXProject "PaperV" */ = {
			isa = XCConfigurationList;
			buildConfigurations = (
				629A832018390C7F0075F918 /* Debug */,
				629A832118390C7F0075F918 /* Release */,
			);
			defaultConfigurationIsVisible = 0;
			defaultConfigurationName = Release;
		};
		629A832218390C7F0075F918 /* Build configuration list for PBXNativeTarget "PaperV" */ = {
			isa = XCConfigurationList;
			buildConfigurations = (
				629A832318390C7F0075F918 /* Debug */,
				629A832418390C7F0075F918 /* Release */,
			);
			defaultConfigurationIsVisible = 0;
			defaultConfigurationName = Release;
		};
		629A832518390C7F0075F918 /* Build configuration list for PBXNativeTarget "PaperVTests" */ = {
			isa = XCConfigurationList;
			buildConfigurations = (
				629A832618390C7F0075F918 /* Debug */,
				629A832718390C7F0075F918 /* Release */,
			);
			defaultConfigurationIsVisible = 0;
			defaultConfigurationName = Release;
		};
/* End XCConfigurationList section */
	};
	rootObject = 629A82E818390C7E0075F918 /* Project object */;
}
